// !$*UTF8*$!
{
	archiveVersion = 1;
	classes = {
	};
	objectVersion = 46;
	objects = {

/* Begin PBXBuildFile section */
		1F42EFB1190978A700B91F5B /* Foundation.framework in Frameworks */ = {isa = PBXBuildFile; fileRef = 1F42EFB0190978A700B91F5B /* Foundation.framework */; };
		1F42EFB3190978A700B91F5B /* CoreGraphics.framework in Frameworks */ = {isa = PBXBuildFile; fileRef = 1F42EFB2190978A700B91F5B /* CoreGraphics.framework */; };
		1F42EFB5190978A700B91F5B /* UIKit.framework in Frameworks */ = {isa = PBXBuildFile; fileRef = 1F42EFB4190978A700B91F5B /* UIKit.framework */; };
		1F42EFBB190978A700B91F5B /* InfoPlist.strings in Resources */ = {isa = PBXBuildFile; fileRef = 1F42EFB9190978A700B91F5B /* InfoPlist.strings */; };
		1F42EFBD190978A700B91F5B /* main.m in Sources */ = {isa = PBXBuildFile; fileRef = 1F42EFBC190978A700B91F5B /* main.m */; };
		1F42EFC1190978A700B91F5B /* PSRAppDelegate.m in Sources */ = {isa = PBXBuildFile; fileRef = 1F42EFC0190978A700B91F5B /* PSRAppDelegate.m */; };
		1F42EFC3190978A700B91F5B /* Images.xcassets in Resources */ = {isa = PBXBuildFile; fileRef = 1F42EFC2190978A700B91F5B /* Images.xcassets */; };
		1F42EFCA190978A800B91F5B /* XCTest.framework in Frameworks */ = {isa = PBXBuildFile; fileRef = 1F42EFC9190978A800B91F5B /* XCTest.framework */; };
		1F42EFCB190978A800B91F5B /* Foundation.framework in Frameworks */ = {isa = PBXBuildFile; fileRef = 1F42EFB0190978A700B91F5B /* Foundation.framework */; };
		1F42EFCC190978A800B91F5B /* UIKit.framework in Frameworks */ = {isa = PBXBuildFile; fileRef = 1F42EFB4190978A700B91F5B /* UIKit.framework */; };
		1F42EFD4190978A800B91F5B /* InfoPlist.strings in Resources */ = {isa = PBXBuildFile; fileRef = 1F42EFD2190978A800B91F5B /* InfoPlist.strings */; };
		1F42EFD6190978A800B91F5B /* SimpleNotesTests.m in Sources */ = {isa = PBXBuildFile; fileRef = 1F42EFD5190978A800B91F5B /* SimpleNotesTests.m */; };
		1F42EFE3190978E200B91F5B /* PSRNote.m in Sources */ = {isa = PBXBuildFile; fileRef = 1F42EFE0190978E200B91F5B /* PSRNote.m */; };
		1F42EFE4190978E200B91F5B /* PSRNoteManager.m in Sources */ = {isa = PBXBuildFile; fileRef = 1F42EFE2190978E200B91F5B /* PSRNoteManager.m */; };
		1F42EFE819097ED100B91F5B /* PSRMasterViewController.m in Sources */ = {isa = PBXBuildFile; fileRef = 1F42EFE719097ED100B91F5B /* PSRMasterViewController.m */; };
		1F42EFEB190989DC00B91F5B /* PSRDetailViewController.m in Sources */ = {isa = PBXBuildFile; fileRef = 1F42EFEA190989DC00B91F5B /* PSRDetailViewController.m */; };
		1F876B9D19165105009DA0BB /* yoda.png in Resources */ = {isa = PBXBuildFile; fileRef = 1F876B9C19165105009DA0BB /* yoda.png */; };
/* End PBXBuildFile section */

/* Begin PBXContainerItemProxy section */
		1F42EFCD190978A800B91F5B /* PBXContainerItemProxy */ = {
			isa = PBXContainerItemProxy;
			containerPortal = 1F42EFA5190978A700B91F5B /* Project object */;
			proxyType = 1;
			remoteGlobalIDString = 1F42EFAC190978A700B91F5B;
			remoteInfo = SimpleNotes;
		};
/* End PBXContainerItemProxy section */

/* Begin PBXFileReference section */
		1F42EFAD190978A700B91F5B /* SimpleNotes.app */ = {isa = PBXFileReference; explicitFileType = wrapper.application; includeInIndex = 0; path = SimpleNotes.app; sourceTree = BUILT_PRODUCTS_DIR; };
		1F42EFB0190978A700B91F5B /* Foundation.framework */ = {isa = PBXFileReference; lastKnownFileType = wrapper.framework; name = Foundation.framework; path = System/Library/Frameworks/Foundation.framework; sourceTree = SDKROOT; };
		1F42EFB2190978A700B91F5B /* CoreGraphics.framework */ = {isa = PBXFileReference; lastKnownFileType = wrapper.framework; name = CoreGraphics.framework; path = System/Library/Frameworks/CoreGraphics.framework; sourceTree = SDKROOT; };
		1F42EFB4190978A700B91F5B /* UIKit.framework */ = {isa = PBXFileReference; lastKnownFileType = wrapper.framework; name = UIKit.framework; path = System/Library/Frameworks/UIKit.framework; sourceTree = SDKROOT; };
		1F42EFB8190978A700B91F5B /* SimpleNotes-Info.plist */ = {isa = PBXFileReference; lastKnownFileType = text.plist.xml; path = "SimpleNotes-Info.plist"; sourceTree = "<group>"; };
		1F42EFBA190978A700B91F5B /* en */ = {isa = PBXFileReference; lastKnownFileType = text.plist.strings; name = en; path = en.lproj/InfoPlist.strings; sourceTree = "<group>"; };
		1F42EFBC190978A700B91F5B /* main.m */ = {isa = PBXFileReference; lastKnownFileType = sourcecode.c.objc; path = main.m; sourceTree = "<group>"; };
		1F42EFBE190978A700B91F5B /* SimpleNotes-Prefix.pch */ = {isa = PBXFileReference; lastKnownFileType = sourcecode.c.h; path = "SimpleNotes-Prefix.pch"; sourceTree = "<group>"; };
		1F42EFBF190978A700B91F5B /* PSRAppDelegate.h */ = {isa = PBXFileReference; lastKnownFileType = sourcecode.c.h; path = PSRAppDelegate.h; sourceTree = "<group>"; };
		1F42EFC0190978A700B91F5B /* PSRAppDelegate.m */ = {isa = PBXFileReference; lastKnownFileType = sourcecode.c.objc; path = PSRAppDelegate.m; sourceTree = "<group>"; };
		1F42EFC2190978A700B91F5B /* Images.xcassets */ = {isa = PBXFileReference; lastKnownFileType = folder.assetcatalog; path = Images.xcassets; sourceTree = "<group>"; };
		1F42EFC8190978A800B91F5B /* SimpleNotesTests.xctest */ = {isa = PBXFileReference; explicitFileType = wrapper.cfbundle; includeInIndex = 0; path = SimpleNotesTests.xctest; sourceTree = BUILT_PRODUCTS_DIR; };
		1F42EFC9190978A800B91F5B /* XCTest.framework */ = {isa = PBXFileReference; lastKnownFileType = wrapper.framework; name = XCTest.framework; path = Library/Frameworks/XCTest.framework; sourceTree = DEVELOPER_DIR; };
		1F42EFD1190978A800B91F5B /* SimpleNotesTests-Info.plist */ = {isa = PBXFileReference; lastKnownFileType = text.plist.xml; path = "SimpleNotesTests-Info.plist"; sourceTree = "<group>"; };
		1F42EFD3190978A800B91F5B /* en */ = {isa = PBXFileReference; lastKnownFileType = text.plist.strings; name = en; path = en.lproj/InfoPlist.strings; sourceTree = "<group>"; };
		1F42EFD5190978A800B91F5B /* SimpleNotesTests.m */ = {isa = PBXFileReference; lastKnownFileType = sourcecode.c.objc; path = SimpleNotesTests.m; sourceTree = "<group>"; };
		1F42EFDF190978E200B91F5B /* PSRNote.h */ = {isa = PBXFileReference; fileEncoding = 4; lastKnownFileType = sourcecode.c.h; path = PSRNote.h; sourceTree = "<group>"; };
		1F42EFE0190978E200B91F5B /* PSRNote.m */ = {isa = PBXFileReference; fileEncoding = 4; lastKnownFileType = sourcecode.c.objc; path = PSRNote.m; sourceTree = "<group>"; };
		1F42EFE1190978E200B91F5B /* PSRNoteManager.h */ = {isa = PBXFileReference; fileEncoding = 4; lastKnownFileType = sourcecode.c.h; path = PSRNoteManager.h; sourceTree = "<group>"; };
		1F42EFE2190978E200B91F5B /* PSRNoteManager.m */ = {isa = PBXFileReference; fileEncoding = 4; lastKnownFileType = sourcecode.c.objc; path = PSRNoteManager.m; sourceTree = "<group>"; };
		1F42EFE619097ED100B91F5B /* PSRMasterViewController.h */ = {isa = PBXFileReference; fileEncoding = 4; lastKnownFileType = sourcecode.c.h; path = PSRMasterViewController.h; sourceTree = "<group>"; };
		1F42EFE719097ED100B91F5B /* PSRMasterViewController.m */ = {isa = PBXFileReference; fileEncoding = 4; lastKnownFileType = sourcecode.c.objc; path = PSRMasterViewController.m; sourceTree = "<group>"; };
		1F42EFE9190989DC00B91F5B /* PSRDetailViewController.h */ = {isa = PBXFileReference; fileEncoding = 4; lastKnownFileType = sourcecode.c.h; path = PSRDetailViewController.h; sourceTree = "<group>"; };
		1F42EFEA190989DC00B91F5B /* PSRDetailViewController.m */ = {isa = PBXFileReference; fileEncoding = 4; lastKnownFileType = sourcecode.c.objc; path = PSRDetailViewController.m; sourceTree = "<group>"; };
		1F876B9C19165105009DA0BB /* yoda.png */ = {isa = PBXFileReference; lastKnownFileType = image.png; path = yoda.png; sourceTree = "<group>"; };
/* End PBXFileReference section */

/* Begin PBXFrameworksBuildPhase section */
		1F42EFAA190978A700B91F5B /* Frameworks */ = {
			isa = PBXFrameworksBuildPhase;
			buildActionMask = 2147483647;
			files = (
				1F42EFB3190978A700B91F5B /* CoreGraphics.framework in Frameworks */,
				1F42EFB5190978A700B91F5B /* UIKit.framework in Frameworks */,
				1F42EFB1190978A700B91F5B /* Foundation.framework in Frameworks */,
			);
			runOnlyForDeploymentPostprocessing = 0;
		};
		1F42EFC5190978A800B91F5B /* Frameworks */ = {
			isa = PBXFrameworksBuildPhase;
			buildActionMask = 2147483647;
			files = (
				1F42EFCA190978A800B91F5B /* XCTest.framework in Frameworks */,
				1F42EFCC190978A800B91F5B /* UIKit.framework in Frameworks */,
				1F42EFCB190978A800B91F5B /* Foundation.framework in Frameworks */,
			);
			runOnlyForDeploymentPostprocessing = 0;
		};
/* End PBXFrameworksBuildPhase section */

/* Begin PBXGroup section */
		1F42EFA4190978A700B91F5B = {
			isa = PBXGroup;
			children = (
				1F42EFB6190978A700B91F5B /* SimpleNotes */,
				1F42EFCF190978A800B91F5B /* SimpleNotesTests */,
				1F42EFAF190978A700B91F5B /* Frameworks */,
				1F42EFAE190978A700B91F5B /* Products */,
			);
			sourceTree = "<group>";
		};
		1F42EFAE190978A700B91F5B /* Products */ = {
			isa = PBXGroup;
			children = (
				1F42EFAD190978A700B91F5B /* SimpleNotes.app */,
				1F42EFC8190978A800B91F5B /* SimpleNotesTests.xctest */,
			);
			name = Products;
			sourceTree = "<group>";
		};
		1F42EFAF190978A700B91F5B /* Frameworks */ = {
			isa = PBXGroup;
			children = (
				1F42EFB0190978A700B91F5B /* Foundation.framework */,
				1F42EFB2190978A700B91F5B /* CoreGraphics.framework */,
				1F42EFB4190978A700B91F5B /* UIKit.framework */,
				1F42EFC9190978A800B91F5B /* XCTest.framework */,
			);
			name = Frameworks;
			sourceTree = "<group>";
		};
		1F42EFB6190978A700B91F5B /* SimpleNotes */ = {
			isa = PBXGroup;
			children = (
				1F42EFBF190978A700B91F5B /* PSRAppDelegate.h */,
				1F42EFC0190978A700B91F5B /* PSRAppDelegate.m */,
				1F42EFE619097ED100B91F5B /* PSRMasterViewController.h */,
				1F42EFE719097ED100B91F5B /* PSRMasterViewController.m */,
				1F42EFE9190989DC00B91F5B /* PSRDetailViewController.h */,
				1F42EFEA190989DC00B91F5B /* PSRDetailViewController.m */,
				1F876B9C19165105009DA0BB /* yoda.png */,
				1F42EFE5190978EC00B91F5B /* Model */,
				1F42EFC2190978A700B91F5B /* Images.xcassets */,
				1F42EFB7190978A700B91F5B /* Supporting Files */,
			);
			path = SimpleNotes;
			sourceTree = "<group>";
		};
		1F42EFB7190978A700B91F5B /* Supporting Files */ = {
			isa = PBXGroup;
			children = (
				1F42EFB8190978A700B91F5B /* SimpleNotes-Info.plist */,
				1F42EFB9190978A700B91F5B /* InfoPlist.strings */,
				1F42EFBC190978A700B91F5B /* main.m */,
				1F42EFBE190978A700B91F5B /* SimpleNotes-Prefix.pch */,
			);
			name = "Supporting Files";
			sourceTree = "<group>";
		};
		1F42EFCF190978A800B91F5B /* SimpleNotesTests */ = {
			isa = PBXGroup;
			children = (
				1F42EFD5190978A800B91F5B /* SimpleNotesTests.m */,
				1F42EFD0190978A800B91F5B /* Supporting Files */,
			);
			path = SimpleNotesTests;
			sourceTree = "<group>";
		};
		1F42EFD0190978A800B91F5B /* Supporting Files */ = {
			isa = PBXGroup;
			children = (
				1F42EFD1190978A800B91F5B /* SimpleNotesTests-Info.plist */,
				1F42EFD2190978A800B91F5B /* InfoPlist.strings */,
			);
			name = "Supporting Files";
			sourceTree = "<group>";
		};
		1F42EFE5190978EC00B91F5B /* Model */ = {
			isa = PBXGroup;
			children = (
				1F42EFDF190978E200B91F5B /* PSRNote.h */,
				1F42EFE0190978E200B91F5B /* PSRNote.m */,
				1F42EFE1190978E200B91F5B /* PSRNoteManager.h */,
				1F42EFE2190978E200B91F5B /* PSRNoteManager.m */,
			);
			name = Model;
			sourceTree = "<group>";
		};
/* End PBXGroup section */

/* Begin PBXNativeTarget section */
		1F42EFAC190978A700B91F5B /* SimpleNotes */ = {
			isa = PBXNativeTarget;
			buildConfigurationList = 1F42EFD9190978A800B91F5B /* Build configuration list for PBXNativeTarget "SimpleNotes" */;
			buildPhases = (
				1F42EFA9190978A700B91F5B /* Sources */,
				1F42EFAA190978A700B91F5B /* Frameworks */,
				1F42EFAB190978A700B91F5B /* Resources */,
			);
			buildRules = (
			);
			dependencies = (
			);
			name = SimpleNotes;
			productName = SimpleNotes;
			productReference = 1F42EFAD190978A700B91F5B /* SimpleNotes.app */;
			productType = "com.apple.product-type.application";
		};
		1F42EFC7190978A800B91F5B /* SimpleNotesTests */ = {
			isa = PBXNativeTarget;
			buildConfigurationList = 1F42EFDC190978A800B91F5B /* Build configuration list for PBXNativeTarget "SimpleNotesTests" */;
			buildPhases = (
				1F42EFC4190978A800B91F5B /* Sources */,
				1F42EFC5190978A800B91F5B /* Frameworks */,
				1F42EFC6190978A800B91F5B /* Resources */,
			);
			buildRules = (
			);
			dependencies = (
				1F42EFCE190978A800B91F5B /* PBXTargetDependency */,
			);
			name = SimpleNotesTests;
			productName = SimpleNotesTests;
			productReference = 1F42EFC8190978A800B91F5B /* SimpleNotesTests.xctest */;
			productType = "com.apple.product-type.bundle.unit-test";
		};
/* End PBXNativeTarget section */

/* Begin PBXProject section */
		1F42EFA5190978A700B91F5B /* Project object */ = {
			isa = PBXProject;
			attributes = {
				CLASSPREFIX = PSR;
				LastUpgradeCheck = 0510;
				ORGANIZATIONNAME = "Daniil Korotin";
				TargetAttributes = {
					1F42EFC7190978A800B91F5B = {
						TestTargetID = 1F42EFAC190978A700B91F5B;
					};
				};
			};
			buildConfigurationList = 1F42EFA8190978A700B91F5B /* Build configuration list for PBXProject "SimpleNotes" */;
			compatibilityVersion = "Xcode 3.2";
			developmentRegion = English;
			hasScannedForEncodings = 0;
			knownRegions = (
				en,
			);
			mainGroup = 1F42EFA4190978A700B91F5B;
			productRefGroup = 1F42EFAE190978A700B91F5B /* Products */;
			projectDirPath = "";
			projectRoot = "";
			targets = (
				1F42EFAC190978A700B91F5B /* SimpleNotes */,
				1F42EFC7190978A800B91F5B /* SimpleNotesTests */,
			);
		};
/* End PBXProject section */

/* Begin PBXResourcesBuildPhase section */
		1F42EFAB190978A700B91F5B /* Resources */ = {
			isa = PBXResourcesBuildPhase;
			buildActionMask = 2147483647;
			files = (
				1F876B9D19165105009DA0BB /* yoda.png in Resources */,
				1F42EFBB190978A700B91F5B /* InfoPlist.strings in Resources */,
				1F42EFC3190978A700B91F5B /* Images.xcassets in Resources */,
			);
			runOnlyForDeploymentPostprocessing = 0;
		};
		1F42EFC6190978A800B91F5B /* Resources */ = {
			isa = PBXResourcesBuildPhase;
			buildActionMask = 2147483647;
			files = (
				1F42EFD4190978A800B91F5B /* InfoPlist.strings in Resources */,
			);
			runOnlyForDeploymentPostprocessing = 0;
		};
/* End PBXResourcesBuildPhase section */

/* Begin PBXSourcesBuildPhase section */
		1F42EFA9190978A700B91F5B /* Sources */ = {
			isa = PBXSourcesBuildPhase;
			buildActionMask = 2147483647;
			files = (
				1F42EFC1190978A700B91F5B /* PSRAppDelegate.m in Sources */,
				1F42EFE4190978E200B91F5B /* PSRNoteManager.m in Sources */,
				1F42EFE3190978E200B91F5B /* PSRNote.m in Sources */,
				1F42EFEB190989DC00B91F5B /* PSRDetailViewController.m in Sources */,
				1F42EFE819097ED100B91F5B /* PSRMasterViewController.m in Sources */,
				1F42EFBD190978A700B91F5B /* main.m in Sources */,
			);
			runOnlyForDeploymentPostprocessing = 0;
		};
		1F42EFC4190978A800B91F5B /* Sources */ = {
			isa = PBXSourcesBuildPhase;
			buildActionMask = 2147483647;
			files = (
				1F42EFD6190978A800B91F5B /* SimpleNotesTests.m in Sources */,
			);
			runOnlyForDeploymentPostprocessing = 0;
		};
/* End PBXSourcesBuildPhase section */

/* Begin PBXTargetDependency section */
		1F42EFCE190978A800B91F5B /* PBXTargetDependency */ = {
			isa = PBXTargetDependency;
			target = 1F42EFAC190978A700B91F5B /* SimpleNotes */;
			targetProxy = 1F42EFCD190978A800B91F5B /* PBXContainerItemProxy */;
		};
/* End PBXTargetDependency section */

/* Begin PBXVariantGroup section */
		1F42EFB9190978A700B91F5B /* InfoPlist.strings */ = {
			isa = PBXVariantGroup;
			children = (
				1F42EFBA190978A700B91F5B /* en */,
			);
			name = InfoPlist.strings;
			sourceTree = "<group>";
		};
		1F42EFD2190978A800B91F5B /* InfoPlist.strings */ = {
			isa = PBXVariantGroup;
			children = (
				1F42EFD3190978A800B91F5B /* en */,
			);
			name = InfoPlist.strings;
			sourceTree = "<group>";
		};
/* End PBXVariantGroup section */

/* Begin XCBuildConfiguration section */
		1F42EFD7190978A800B91F5B /* Debug */ = {
			isa = XCBuildConfiguration;
			buildSettings = {
				ALWAYS_SEARCH_USER_PATHS = NO;
				CLANG_CXX_LANGUAGE_STANDARD = "gnu++0x";
				CLANG_CXX_LIBRARY = "libc++";
				CLANG_ENABLE_MODULES = YES;
				CLANG_ENABLE_OBJC_ARC = YES;
				CLANG_WARN_BOOL_CONVERSION = YES;
				CLANG_WARN_CONSTANT_CONVERSION = YES;
				CLANG_WARN_DIRECT_OBJC_ISA_USAGE = YES_ERROR;
				CLANG_WARN_EMPTY_BODY = YES;
				CLANG_WARN_ENUM_CONVERSION = YES;
				CLANG_WARN_INT_CONVERSION = YES;
				CLANG_WARN_OBJC_ROOT_CLASS = YES_ERROR;
				CLANG_WARN__DUPLICATE_METHOD_MATCH = YES;
				"CODE_SIGN_IDENTITY[sdk=iphoneos*]" = "iPhone Developer";
				COPY_PHASE_STRIP = NO;
				GCC_C_LANGUAGE_STANDARD = gnu99;
				GCC_DYNAMIC_NO_PIC = NO;
				GCC_OPTIMIZATION_LEVEL = 0;
				GCC_PREPROCESSOR_DEFINITIONS = (
					"DEBUG=1",
					"$(inherited)",
				);
				GCC_SYMBOLS_PRIVATE_EXTERN = NO;
				GCC_WARN_64_TO_32_BIT_CONVERSION = YES;
				GCC_WARN_ABOUT_RETURN_TYPE = YES_ERROR;
				GCC_WARN_UNDECLARED_SELECTOR = YES;
				GCC_WARN_UNINITIALIZED_AUTOS = YES_AGGRESSIVE;
				GCC_WARN_UNUSED_FUNCTION = YES;
				GCC_WARN_UNUSED_VARIABLE = YES;
				IPHONEOS_DEPLOYMENT_TARGET = 7.1;
				ONLY_ACTIVE_ARCH = YES;
				SDKROOT = iphoneos;
			};
			name = Debug;
		};
		1F42EFD8190978A800B91F5B /* Release */ = {
			isa = XCBuildConfiguration;
			buildSettings = {
				ALWAYS_SEARCH_USER_PATHS = NO;
				CLANG_CXX_LANGUAGE_STANDARD = "gnu++0x";
				CLANG_CXX_LIBRARY = "libc++";
				CLANG_ENABLE_MODULES = YES;
				CLANG_ENABLE_OBJC_ARC = YES;
				CLANG_WARN_BOOL_CONVERSION = YES;
				CLANG_WARN_CONSTANT_CONVERSION = YES;
				CLANG_WARN_DIRECT_OBJC_ISA_USAGE = YES_ERROR;
				CLANG_WARN_EMPTY_BODY = YES;
				CLANG_WARN_ENUM_CONVERSION = YES;
				CLANG_WARN_INT_CONVERSION = YES;
				CLANG_WARN_OBJC_ROOT_CLASS = YES_ERROR;
				CLANG_WARN__DUPLICATE_METHOD_MATCH = YES;
				"CODE_SIGN_IDENTITY[sdk=iphoneos*]" = "iPhone Developer";
				COPY_PHASE_STRIP = YES;
				ENABLE_NS_ASSERTIONS = NO;
				GCC_C_LANGUAGE_STANDARD = gnu99;
				GCC_WARN_64_TO_32_BIT_CONVERSION = YES;
				GCC_WARN_ABOUT_RETURN_TYPE = YES_ERROR;
				GCC_WARN_UNDECLARED_SELECTOR = YES;
				GCC_WARN_UNINITIALIZED_AUTOS = YES_AGGRESSIVE;
				GCC_WARN_UNUSED_FUNCTION = YES;
				GCC_WARN_UNUSED_VARIABLE = YES;
				IPHONEOS_DEPLOYMENT_TARGET = 7.1;
				SDKROOT = iphoneos;
				VALIDATE_PRODUCT = YES;
			};
			name = Release;
		};
		1F42EFDA190978A800B91F5B /* Debug */ = {
			isa = XCBuildConfiguration;
			buildSettings = {
				ASSETCATALOG_COMPILER_APPICON_NAME = AppIcon;
				ASSETCATALOG_COMPILER_LAUNCHIMAGE_NAME = LaunchImage;
				GCC_PRECOMPILE_PREFIX_HEADER = YES;
				GCC_PREFIX_HEADER = "SimpleNotes/SimpleNotes-Prefix.pch";
				INFOPLIST_FILE = "SimpleNotes/SimpleNotes-Info.plist";
				PRODUCT_NAME = "$(TARGET_NAME)";
				WRAPPER_EXTENSION = app;
			};
			name = Debug;
		};
		1F42EFDB190978A800B91F5B /* Release */ = {
			isa = XCBuildConfiguration;
			buildSettings = {
				ASSETCATALOG_COMPILER_APPICON_NAME = AppIcon;
				ASSETCATALOG_COMPILER_LAUNCHIMAGE_NAME = LaunchImage;
				GCC_PRECOMPILE_PREFIX_HEADER = YES;
				GCC_PREFIX_HEADER = "SimpleNotes/SimpleNotes-Prefix.pch";
				INFOPLIST_FILE = "SimpleNotes/SimpleNotes-Info.plist";
				PRODUCT_NAME = "$(TARGET_NAME)";
				WRAPPER_EXTENSION = app;
			};
			name = Release;
		};
		1F42EFDD190978A800B91F5B /* Debug */ = {
			isa = XCBuildConfiguration;
			buildSettings = {
				BUNDLE_LOADER = "$(BUILT_PRODUCTS_DIR)/SimpleNotes.app/SimpleNotes";
				FRAMEWORK_SEARCH_PATHS = (
					"$(SDKROOT)/Developer/Library/Frameworks",
					"$(inherited)",
					"$(DEVELOPER_FRAMEWORKS_DIR)",
				);
				GCC_PRECOMPILE_PREFIX_HEADER = YES;
				GCC_PREFIX_HEADER = "SimpleNotes/SimpleNotes-Prefix.pch";
				GCC_PREPROCESSOR_DEFINITIONS = (
					"DEBUG=1",
					"$(inherited)",
				);
				INFOPLIST_FILE = "SimpleNotesTests/SimpleNotesTests-Info.plist";
				PRODUCT_NAME = "$(TARGET_NAME)";
				TEST_HOST = "$(BUNDLE_LOADER)";
				WRAPPER_EXTENSION = xctest;
			};
			name = Debug;
		};
		1F42EFDE190978A800B91F5B /* Release */ = {
			isa = XCBuildConfiguration;
			buildSettings = {
				BUNDLE_LOADER = "$(BUILT_PRODUCTS_DIR)/SimpleNotes.app/SimpleNotes";
				FRAMEWORK_SEARCH_PATHS = (
					"$(SDKROOT)/Developer/Library/Frameworks",
					"$(inherited)",
					"$(DEVELOPER_FRAMEWORKS_DIR)",
				);
				GCC_PRECOMPILE_PREFIX_HEADER = YES;
				GCC_PREFIX_HEADER = "SimpleNotes/SimpleNotes-Prefix.pch";
				INFOPLIST_FILE = "SimpleNotesTests/SimpleNotesTests-Info.plist";
				PRODUCT_NAME = "$(TARGET_NAME)";
				TEST_HOST = "$(BUNDLE_LOADER)";
				WRAPPER_EXTENSION = xctest;
			};
			name = Release;
		};
/* End XCBuildConfiguration section */

/* Begin XCConfigurationList section */
		1F42EFA8190978A700B91F5B /* Build configuration list for PBXProject "SimpleNotes" */ = {
			isa = XCConfigurationList;
			buildConfigurations = (
				1F42EFD7190978A800B91F5B /* Debug */,
				1F42EFD8190978A800B91F5B /* Release */,
			);
			defaultConfigurationIsVisible = 0;
			defaultConfigurationName = Release;
		};
		1F42EFD9190978A800B91F5B /* Build configuration list for PBXNativeTarget "SimpleNotes" */ = {
			isa = XCConfigurationList;
			buildConfigurations = (
				1F42EFDA190978A800B91F5B /* Debug */,
				1F42EFDB190978A800B91F5B /* Release */,
			);
			defaultConfigurationIsVisible = 0;
			defaultConfigurationName = Release;
		};
		1F42EFDC190978A800B91F5B /* Build configuration list for PBXNativeTarget "SimpleNotesTests" */ = {
			isa = XCConfigurationList;
			buildConfigurations = (
				1F42EFDD190978A800B91F5B /* Debug */,
				1F42EFDE190978A800B91F5B /* Release */,
			);
			defaultConfigurationIsVisible = 0;
			defaultConfigurationName = Release;
		};
/* End XCConfigurationList section */
	};
	rootObject = 1F42EFA5190978A700B91F5B /* Project object */;
}
